PODS:
  - dktestlib (0.1.6):
    - SwiftyTesseract (~> 3.1.3)
  - SwiftyTesseract (3.1.3)

DEPENDENCIES:
  - dktestlib (from `../`)

SPEC REPOS:
  trunk:
    - SwiftyTesseract

EXTERNAL SOURCES:
  dktestlib:
    :path: "../"

SPEC CHECKSUMS:
  dktestlib: 70f559455556151582907f82f28cc95fb57c992b
  SwiftyTesseract: 1f3d96668ae92dc2208d9842c8a59bea9fad2cbb

PODFILE CHECKSUM: 11d737651e1dadead0813e5adc4d900565b0da29

COCOAPODS: 1.11.3
