PODS:
  - Alamofire (4.9.1)
  - dktestlib (0.1.7):
    - Alamofire (~> 4.9)

DEPENDENCIES:
  - dktestlib (from `../`)

SPEC REPOS:
  trunk:
    - Alamofire

EXTERNAL SOURCES:
  dktestlib:
    :path: "../"

SPEC CHECKSUMS:
  Alamofire: 85e8a02c69d6020a0d734f6054870d7ecb75cf18
  dktestlib: 0a7dc4608605b57c37bb413542a01653a3c840f9

PODFILE CHECKSUM: 11d737651e1dadead0813e5adc4d900565b0da29

COCOAPODS: 1.11.3
